
Microsoft Visual Studio Solution File, Format Version 12.00
# Visual Studio 15
VisualStudioVersion = 15.0.28307.329
MinimumVisualStudioVersion = 10.0.40219.1
Project("{FAE04EC0-301F-11D3-BF4B-00C04F79EFBC}") = "WindowsFormsApp2", "WindowsFormsApp2\WindowsFormsApp2.csproj", "{3E16AE92-BDF0-4E2A-8F71-770536983961}"
EndProject
Project("{FAE04EC0-301F-11D3-BF4B-00C04F79EFBC}") = "UnitTestProject1", "UnitTestProject1\UnitTestProject1.csproj", "{CFAFB38A-24B5-4924-945C-63313841FD46}"
EndProject
Global
	GlobalSection(SolutionConfigurationPlatforms) = preSolution
		Debug|Any CPU = Debug|Any CPU
		Release|Any CPU = Release|Any CPU
	EndGlobalSection
	GlobalSection(ProjectConfigurationPlatforms) = postSolution
		{3E16AE92-BDF0-4E2A-8F71-770536983961}.Debug|Any CPU.ActiveCfg = Debug|Any CPU
		{3E16AE92-BDF0-4E2A-8F71-770536983961}.Debug|Any CPU.Build.0 = Debug|Any CPU
		{3E16AE92-BDF0-4E2A-8F71-770536983961}.Release|Any CPU.ActiveCfg = Release|Any CPU
		{3E16AE92-BDF0-4E2A-8F71-770536983961}.Release|Any CPU.Build.0 = Release|Any CPU
		{CFAFB38A-24B5-4924-945C-63313841FD46}.Debug|Any CPU.ActiveCfg = Debug|Any CPU
		{CFAFB38A-24B5-4924-945C-63313841FD46}.Debug|Any CPU.Build.0 = Debug|Any CPU
		{CFAFB38A-24B5-4924-945C-63313841FD46}.Release|Any CPU.ActiveCfg = Release|Any CPU
		{CFAFB38A-24B5-4924-945C-63313841FD46}.Release|Any CPU.Build.0 = Release|Any CPU
	EndGlobalSection
	GlobalSection(SolutionProperties) = preSolution
		HideSolutionNode = FALSE
	EndGlobalSection
	GlobalSection(ExtensibilityGlobals) = postSolution
		SolutionGuid = {81BEBCBB-2A37-4DA7-9D24-274811CA9A8F}
	EndGlobalSection
EndGlobal
